
Microsoft Visual Studio Solution File, Format Version 11.00
# Visual Studio 2010
Project("{8BC9CEB8-8B4A-11D0-8D11-00A0C91BC942}") = "LogDeadlock", "LogDeadlock\LogDeadlock.vcxproj", "{204B37E9-92D1-4AF8-AA72-9547A4577FD0}"
	ProjectSection(ProjectDependencies) = postProject
		{2E31A4E1-59F9-47ED-AC3B-C6A30E17C7B2} = {2E31A4E1-59F9-47ED-AC3B-C6A30E17C7B2}
	EndProjectSection
EndProject
Project("{8BC9CEB8-8B4A-11D0-8D11-00A0C91BC942}") = "Base", "..\..\Base\Base.vcxproj", "{2E31A4E1-59F9-47ED-AC3B-C6A30E17C7B2}"
EndProject
Global
	GlobalSection(SolutionConfigurationPlatforms) = preSolution
		Debug|Win32 = Debug|Win32
		Release|Win32 = Release|Win32
	EndGlobalSection
	GlobalSection(ProjectConfigurationPlatforms) = postSolution
		{204B37E9-92D1-4AF8-AA72-9547A4577FD0}.Debug|Win32.ActiveCfg = Debug|Win32
		{204B37E9-92D1-4AF8-AA72-9547A4577FD0}.Debug|Win32.Build.0 = Debug|Win32
		{204B37E9-92D1-4AF8-AA72-9547A4577FD0}.Release|Win32.ActiveCfg = Release|Win32
		{204B37E9-92D1-4AF8-AA72-9547A4577FD0}.Release|Win32.Build.0 = Release|Win32
		{2E31A4E1-59F9-47ED-AC3B-C6A30E17C7B2}.Debug|Win32.ActiveCfg = Debug|Win32
		{2E31A4E1-59F9-47ED-AC3B-C6A30E17C7B2}.Debug|Win32.Build.0 = Debug|Win32
		{2E31A4E1-59F9-47ED-AC3B-C6A30E17C7B2}.Release|Win32.ActiveCfg = Release|Win32
		{2E31A4E1-59F9-47ED-AC3B-C6A30E17C7B2}.Release|Win32.Build.0 = Release|Win32
	EndGlobalSection
	GlobalSection(SolutionProperties) = preSolution
		HideSolutionNode = FALSE
	EndGlobalSection
EndGlobal
