
Microsoft Visual Studio Solution File, Format Version 11.00
# Visual Studio 2010
Project("{8BC9CEB8-8B4A-11D0-8D11-00A0C91BC942}") = "List", "List.vcxproj", "{E076C6AF-49DB-4E13-92F1-02A38D94ABAD}"
EndProject
Project("{8BC9CEB8-8B4A-11D0-8D11-00A0C91BC942}") = "Base", "..\..\Base\Base.vcxproj", "{2E31A4E1-59F9-47ED-AC3B-C6A30E17C7B2}"
EndProject
Global
	GlobalSection(SolutionConfigurationPlatforms) = preSolution
		Debug|Win32 = Debug|Win32
		Release|Win32 = Release|Win32
	EndGlobalSection
	GlobalSection(ProjectConfigurationPlatforms) = postSolution
		{E076C6AF-49DB-4E13-92F1-02A38D94ABAD}.Debug|Win32.ActiveCfg = Debug|Win32
		{E076C6AF-49DB-4E13-92F1-02A38D94ABAD}.Debug|Win32.Build.0 = Debug|Win32
		{E076C6AF-49DB-4E13-92F1-02A38D94ABAD}.Release|Win32.ActiveCfg = Release|Win32
		{E076C6AF-49DB-4E13-92F1-02A38D94ABAD}.Release|Win32.Build.0 = Release|Win32
		{2E31A4E1-59F9-47ED-AC3B-C6A30E17C7B2}.Debug|Win32.ActiveCfg = Debug|Win32
		{2E31A4E1-59F9-47ED-AC3B-C6A30E17C7B2}.Debug|Win32.Build.0 = Debug|Win32
		{2E31A4E1-59F9-47ED-AC3B-C6A30E17C7B2}.Release|Win32.ActiveCfg = Release|Win32
		{2E31A4E1-59F9-47ED-AC3B-C6A30E17C7B2}.Release|Win32.Build.0 = Release|Win32
	EndGlobalSection
	GlobalSection(SolutionProperties) = preSolution
		HideSolutionNode = FALSE
	EndGlobalSection
EndGlobal
